
Microsoft Visual Studio Solution File, Format Version 12.00
# Visual Studio Version 17
VisualStudioVersion = 17.0.32014.148
MinimumVisualStudioVersion = 10.0.40219.1
Project("{FAE04EC0-301F-11D3-BF4B-00C04F79EFBC}") = "ITMedik", "ITMedik.csproj", "{8A6F772E-C078-4DBB-AF79-98D0DBD5ACFC}"
EndProject
Global
	GlobalSection(SolutionConfigurationPlatforms) = preSolution
		Debug|Any CPU = Debug|Any CPU
		Release|Any CPU = Release|Any CPU
	EndGlobalSection
	GlobalSection(ProjectConfigurationPlatforms) = postSolution
		{8A6F772E-C078-4DBB-AF79-98D0DBD5ACFC}.Debug|Any CPU.ActiveCfg = Debug|Any CPU
		{8A6F772E-C078-4DBB-AF79-98D0DBD5ACFC}.Debug|Any CPU.Build.0 = Debug|Any CPU
		{8A6F772E-C078-4DBB-AF79-98D0DBD5ACFC}.Release|Any CPU.ActiveCfg = Release|Any CPU
		{8A6F772E-C078-4DBB-AF79-98D0DBD5ACFC}.Release|Any CPU.Build.0 = Release|Any CPU
	EndGlobalSection
	GlobalSection(SolutionProperties) = preSolution
		HideSolutionNode = FALSE
	EndGlobalSection
	GlobalSection(ExtensibilityGlobals) = postSolution
		SolutionGuid = {6EAD9A4D-3009-4364-ADC8-058DBE08F3A7}
	EndGlobalSection
EndGlobal
